// !$*UTF8*$!
{
	archiveVersion = 1;
	classes = {
	};
	objectVersion = 55;
	objects = {

/* Begin PBXBuildFile section */
		AC8E7BEE2808E80B0089FF94 /* AppDelegate.swift in Sources */ = {isa = PBXBuildFile; fileRef = AC8E7BED2808E80B0089FF94 /* AppDelegate.swift */; };
		AC8E7BF02808E80B0089FF94 /* SceneDelegate.swift in Sources */ = {isa = PBXBuildFile; fileRef = AC8E7BEF2808E80B0089FF94 /* SceneDelegate.swift */; };
		AC8E7BF22808E80B0089FF94 /* ViewController.swift in Sources */ = {isa = PBXBuildFile; fileRef = AC8E7BF12808E80B0089FF94 /* ViewController.swift */; };
		AC8E7BF52808E80B0089FF94 /* Main.storyboard in Resources */ = {isa = PBXBuildFile; fileRef = AC8E7BF32808E80B0089FF94 /* Main.storyboard */; };
		AC8E7BF72808E8100089FF94 /* Assets.xcassets in Resources */ = {isa = PBXBuildFile; fileRef = AC8E7BF62808E8100089FF94 /* Assets.xcassets */; };
		AC8E7BFA2808E8100089FF94 /* LaunchScreen.storyboard in Resources */ = {isa = PBXBuildFile; fileRef = AC8E7BF82808E8100089FF94 /* LaunchScreen.storyboard */; };
		AC8E7C052808E8100089FF94 /* ____Tests.swift in Sources */ = {isa = PBXBuildFile; fileRef = AC8E7C042808E8100089FF94 /* ____Tests.swift */; };
		AC8E7C0F2808E8100089FF94 /* ____UITests.swift in Sources */ = {isa = PBXBuildFile; fileRef = AC8E7C0E2808E8100089FF94 /* ____UITests.swift */; };
		AC8E7C112808E8100089FF94 /* ____UITestsLaunchTests.swift in Sources */ = {isa = PBXBuildFile; fileRef = AC8E7C102808E8100089FF94 /* ____UITestsLaunchTests.swift */; };
/* End PBXBuildFile section */

/* Begin PBXContainerItemProxy section */
		AC8E7C012808E8100089FF94 /* PBXContainerItemProxy */ = {
			isa = PBXContainerItemProxy;
			containerPortal = AC8E7BE22808E80B0089FF94 /* Project object */;
			proxyType = 1;
			remoteGlobalIDString = AC8E7BE92808E80B0089FF94;
			remoteInfo = "фыаа";
		};
		AC8E7C0B2808E8100089FF94 /* PBXContainerItemProxy */ = {
			isa = PBXContainerItemProxy;
			containerPortal = AC8E7BE22808E80B0089FF94 /* Project object */;
			proxyType = 1;
			remoteGlobalIDString = AC8E7BE92808E80B0089FF94;
			remoteInfo = "фыаа";
		};
/* End PBXContainerItemProxy section */

/* Begin PBXFileReference section */
		AC8E7BEA2808E80B0089FF94 /* фыаа.app */ = {isa = PBXFileReference; explicitFileType = wrapper.application; includeInIndex = 0; path = "фыаа.app"; sourceTree = BUILT_PRODUCTS_DIR; };
		AC8E7BED2808E80B0089FF94 /* AppDelegate.swift */ = {isa = PBXFileReference; lastKnownFileType = sourcecode.swift; path = AppDelegate.swift; sourceTree = "<group>"; };
		AC8E7BEF2808E80B0089FF94 /* SceneDelegate.swift */ = {isa = PBXFileReference; lastKnownFileType = sourcecode.swift; path = SceneDelegate.swift; sourceTree = "<group>"; };
		AC8E7BF12808E80B0089FF94 /* ViewController.swift */ = {isa = PBXFileReference; lastKnownFileType = sourcecode.swift; path = ViewController.swift; sourceTree = "<group>"; };
		AC8E7BF42808E80B0089FF94 /* Base */ = {isa = PBXFileReference; lastKnownFileType = file.storyboard; name = Base; path = Base.lproj/Main.storyboard; sourceTree = "<group>"; };
		AC8E7BF62808E8100089FF94 /* Assets.xcassets */ = {isa = PBXFileReference; lastKnownFileType = folder.assetcatalog; path = Assets.xcassets; sourceTree = "<group>"; };
		AC8E7BF92808E8100089FF94 /* Base */ = {isa = PBXFileReference; lastKnownFileType = file.storyboard; name = Base; path = Base.lproj/LaunchScreen.storyboard; sourceTree = "<group>"; };
		AC8E7BFB2808E8100089FF94 /* Info.plist */ = {isa = PBXFileReference; lastKnownFileType = text.plist.xml; path = Info.plist; sourceTree = "<group>"; };
		AC8E7C002808E8100089FF94 /* фыааTests.xctest */ = {isa = PBXFileReference; explicitFileType = wrapper.cfbundle; includeInIndex = 0; path = "фыааTests.xctest"; sourceTree = BUILT_PRODUCTS_DIR; };
		AC8E7C042808E8100089FF94 /* ____Tests.swift */ = {isa = PBXFileReference; lastKnownFileType = sourcecode.swift; path = "____Tests.swift"; sourceTree = "<group>"; };
		AC8E7C0A2808E8100089FF94 /* фыааUITests.xctest */ = {isa = PBXFileReference; explicitFileType = wrapper.cfbundle; includeInIndex = 0; path = "фыааUITests.xctest"; sourceTree = BUILT_PRODUCTS_DIR; };
		AC8E7C0E2808E8100089FF94 /* ____UITests.swift */ = {isa = PBXFileReference; lastKnownFileType = sourcecode.swift; path = "____UITests.swift"; sourceTree = "<group>"; };
		AC8E7C102808E8100089FF94 /* ____UITestsLaunchTests.swift */ = {isa = PBXFileReference; lastKnownFileType = sourcecode.swift; path = "____UITestsLaunchTests.swift"; sourceTree = "<group>"; };
/* End PBXFileReference section */

/* Begin PBXFrameworksBuildPhase section */
		AC8E7BE72808E80B0089FF94 /* Frameworks */ = {
			isa = PBXFrameworksBuildPhase;
			buildActionMask = 2147483647;
			files = (
			);
			runOnlyForDeploymentPostprocessing = 0;
		};
		AC8E7BFD2808E8100089FF94 /* Frameworks */ = {
			isa = PBXFrameworksBuildPhase;
			buildActionMask = 2147483647;
			files = (
			);
			runOnlyForDeploymentPostprocessing = 0;
		};
		AC8E7C072808E8100089FF94 /* Frameworks */ = {
			isa = PBXFrameworksBuildPhase;
			buildActionMask = 2147483647;
			files = (
			);
			runOnlyForDeploymentPostprocessing = 0;
		};
/* End PBXFrameworksBuildPhase section */

/* Begin PBXGroup section */
		AC8E7BE12808E80B0089FF94 = {
			isa = PBXGroup;
			children = (
				AC8E7BEC2808E80B0089FF94 /* фыаа */,
				AC8E7C032808E8100089FF94 /* фыааTests */,
				AC8E7C0D2808E8100089FF94 /* фыааUITests */,
				AC8E7BEB2808E80B0089FF94 /* Products */,
			);
			sourceTree = "<group>";
		};
		AC8E7BEB2808E80B0089FF94 /* Products */ = {
			isa = PBXGroup;
			children = (
				AC8E7BEA2808E80B0089FF94 /* фыаа.app */,
				AC8E7C002808E8100089FF94 /* фыааTests.xctest */,
				AC8E7C0A2808E8100089FF94 /* фыааUITests.xctest */,
			);
			name = Products;
			sourceTree = "<group>";
		};
		AC8E7BEC2808E80B0089FF94 /* фыаа */ = {
			isa = PBXGroup;
			children = (
				AC8E7BED2808E80B0089FF94 /* AppDelegate.swift */,
				AC8E7BEF2808E80B0089FF94 /* SceneDelegate.swift */,
				AC8E7BF12808E80B0089FF94 /* ViewController.swift */,
				AC8E7BF32808E80B0089FF94 /* Main.storyboard */,
				AC8E7BF62808E8100089FF94 /* Assets.xcassets */,
				AC8E7BF82808E8100089FF94 /* LaunchScreen.storyboard */,
				AC8E7BFB2808E8100089FF94 /* Info.plist */,
			);
			path = "фыаа";
			sourceTree = "<group>";
		};
		AC8E7C032808E8100089FF94 /* фыааTests */ = {
			isa = PBXGroup;
			children = (
				AC8E7C042808E8100089FF94 /* ____Tests.swift */,
			);
			path = "фыааTests";
			sourceTree = "<group>";
		};
		AC8E7C0D2808E8100089FF94 /* фыааUITests */ = {
			isa = PBXGroup;
			children = (
				AC8E7C0E2808E8100089FF94 /* ____UITests.swift */,
				AC8E7C102808E8100089FF94 /* ____UITestsLaunchTests.swift */,
			);
			path = "фыааUITests";
			sourceTree = "<group>";
		};
/* End PBXGroup section */

/* Begin PBXNativeTarget section */
		AC8E7BE92808E80B0089FF94 /* фыаа */ = {
			isa = PBXNativeTarget;
			buildConfigurationList = AC8E7C142808E8100089FF94 /* Build configuration list for PBXNativeTarget "фыаа" */;
			buildPhases = (
				AC8E7BE62808E80B0089FF94 /* Sources */,
				AC8E7BE72808E80B0089FF94 /* Frameworks */,
				AC8E7BE82808E80B0089FF94 /* Resources */,
			);
			buildRules = (
			);
			dependencies = (
			);
			name = "фыаа";
			productName = "фыаа";
			productReference = AC8E7BEA2808E80B0089FF94 /* фыаа.app */;
			productType = "com.apple.product-type.application";
		};
		AC8E7BFF2808E8100089FF94 /* фыааTests */ = {
			isa = PBXNativeTarget;
			buildConfigurationList = AC8E7C172808E8100089FF94 /* Build configuration list for PBXNativeTarget "фыааTests" */;
			buildPhases = (
				AC8E7BFC2808E8100089FF94 /* Sources */,
				AC8E7BFD2808E8100089FF94 /* Frameworks */,
				AC8E7BFE2808E8100089FF94 /* Resources */,
			);
			buildRules = (
			);
			dependencies = (
				AC8E7C022808E8100089FF94 /* PBXTargetDependency */,
			);
			name = "фыааTests";
			productName = "фыааTests";
			productReference = AC8E7C002808E8100089FF94 /* фыааTests.xctest */;
			productType = "com.apple.product-type.bundle.unit-test";
		};
		AC8E7C092808E8100089FF94 /* фыааUITests */ = {
			isa = PBXNativeTarget;
			buildConfigurationList = AC8E7C1A2808E8100089FF94 /* Build configuration list for PBXNativeTarget "фыааUITests" */;
			buildPhases = (
				AC8E7C062808E8100089FF94 /* Sources */,
				AC8E7C072808E8100089FF94 /* Frameworks */,
				AC8E7C082808E8100089FF94 /* Resources */,
			);
			buildRules = (
			);
			dependencies = (
				AC8E7C0C2808E8100089FF94 /* PBXTargetDependency */,
			);
			name = "фыааUITests";
			productName = "фыааUITests";
			productReference = AC8E7C0A2808E8100089FF94 /* фыааUITests.xctest */;
			productType = "com.apple.product-type.bundle.ui-testing";
		};
/* End PBXNativeTarget section */

/* Begin PBXProject section */
		AC8E7BE22808E80B0089FF94 /* Project object */ = {
			isa = PBXProject;
			attributes = {
				BuildIndependentTargetsInParallel = 1;
				LastSwiftUpdateCheck = 1330;
				LastUpgradeCheck = 1330;
				TargetAttributes = {
					AC8E7BE92808E80B0089FF94 = {
						CreatedOnToolsVersion = 13.3;
					};
					AC8E7BFF2808E8100089FF94 = {
						CreatedOnToolsVersion = 13.3;
						TestTargetID = AC8E7BE92808E80B0089FF94;
					};
					AC8E7C092808E8100089FF94 = {
						CreatedOnToolsVersion = 13.3;
						TestTargetID = AC8E7BE92808E80B0089FF94;
					};
				};
			};
			buildConfigurationList = AC8E7BE52808E80B0089FF94 /* Build configuration list for PBXProject "фыаа" */;
			compatibilityVersion = "Xcode 13.0";
			developmentRegion = en;
			hasScannedForEncodings = 0;
			knownRegions = (
				en,
				Base,
			);
			mainGroup = AC8E7BE12808E80B0089FF94;
			productRefGroup = AC8E7BEB2808E80B0089FF94 /* Products */;
			projectDirPath = "";
			projectRoot = "";
			targets = (
				AC8E7BE92808E80B0089FF94 /* фыаа */,
				AC8E7BFF2808E8100089FF94 /* фыааTests */,
				AC8E7C092808E8100089FF94 /* фыааUITests */,
			);
		};
/* End PBXProject section */

/* Begin PBXResourcesBuildPhase section */
		AC8E7BE82808E80B0089FF94 /* Resources */ = {
			isa = PBXResourcesBuildPhase;
			buildActionMask = 2147483647;
			files = (
				AC8E7BFA2808E8100089FF94 /* LaunchScreen.storyboard in Resources */,
				AC8E7BF72808E8100089FF94 /* Assets.xcassets in Resources */,
				AC8E7BF52808E80B0089FF94 /* Main.storyboard in Resources */,
			);
			runOnlyForDeploymentPostprocessing = 0;
		};
		AC8E7BFE2808E8100089FF94 /* Resources */ = {
			isa = PBXResourcesBuildPhase;
			buildActionMask = 2147483647;
			files = (
			);
			runOnlyForDeploymentPostprocessing = 0;
		};
		AC8E7C082808E8100089FF94 /* Resources */ = {
			isa = PBXResourcesBuildPhase;
			buildActionMask = 2147483647;
			files = (
			);
			runOnlyForDeploymentPostprocessing = 0;
		};
/* End PBXResourcesBuildPhase section */

/* Begin PBXSourcesBuildPhase section */
		AC8E7BE62808E80B0089FF94 /* Sources */ = {
			isa = PBXSourcesBuildPhase;
			buildActionMask = 2147483647;
			files = (
				AC8E7BF22808E80B0089FF94 /* ViewController.swift in Sources */,
				AC8E7BEE2808E80B0089FF94 /* AppDelegate.swift in Sources */,
				AC8E7BF02808E80B0089FF94 /* SceneDelegate.swift in Sources */,
			);
			runOnlyForDeploymentPostprocessing = 0;
		};
		AC8E7BFC2808E8100089FF94 /* Sources */ = {
			isa = PBXSourcesBuildPhase;
			buildActionMask = 2147483647;
			files = (
				AC8E7C052808E8100089FF94 /* ____Tests.swift in Sources */,
			);
			runOnlyForDeploymentPostprocessing = 0;
		};
		AC8E7C062808E8100089FF94 /* Sources */ = {
			isa = PBXSourcesBuildPhase;
			buildActionMask = 2147483647;
			files = (
				AC8E7C112808E8100089FF94 /* ____UITestsLaunchTests.swift in Sources */,
				AC8E7C0F2808E8100089FF94 /* ____UITests.swift in Sources */,
			);
			runOnlyForDeploymentPostprocessing = 0;
		};
/* End PBXSourcesBuildPhase section */

/* Begin PBXTargetDependency section */
		AC8E7C022808E8100089FF94 /* PBXTargetDependency */ = {
			isa = PBXTargetDependency;
			target = AC8E7BE92808E80B0089FF94 /* фыаа */;
			targetProxy = AC8E7C012808E8100089FF94 /* PBXContainerItemProxy */;
		};
		AC8E7C0C2808E8100089FF94 /* PBXTargetDependency */ = {
			isa = PBXTargetDependency;
			target = AC8E7BE92808E80B0089FF94 /* фыаа */;
			targetProxy = AC8E7C0B2808E8100089FF94 /* PBXContainerItemProxy */;
		};
/* End PBXTargetDependency section */

/* Begin PBXVariantGroup section */
		AC8E7BF32808E80B0089FF94 /* Main.storyboard */ = {
			isa = PBXVariantGroup;
			children = (
				AC8E7BF42808E80B0089FF94 /* Base */,
			);
			name = Main.storyboard;
			sourceTree = "<group>";
		};
		AC8E7BF82808E8100089FF94 /* LaunchScreen.storyboard */ = {
			isa = PBXVariantGroup;
			children = (
				AC8E7BF92808E8100089FF94 /* Base */,
			);
			name = LaunchScreen.storyboard;
			sourceTree = "<group>";
		};
/* End PBXVariantGroup section */

/* Begin XCBuildConfiguration section */
		AC8E7C122808E8100089FF94 /* Debug */ = {
			isa = XCBuildConfiguration;
			buildSettings = {
				ALWAYS_SEARCH_USER_PATHS = NO;
				CLANG_ANALYZER_NONNULL = YES;
				CLANG_ANALYZER_NUMBER_OBJECT_CONVERSION = YES_AGGRESSIVE;
				CLANG_CXX_LANGUAGE_STANDARD = "gnu++17";
				CLANG_ENABLE_MODULES = YES;
				CLANG_ENABLE_OBJC_ARC = YES;
				CLANG_ENABLE_OBJC_WEAK = YES;
				CLANG_WARN_BLOCK_CAPTURE_AUTORELEASING = YES;
				CLANG_WARN_BOOL_CONVERSION = YES;
				CLANG_WARN_COMMA = YES;
				CLANG_WARN_CONSTANT_CONVERSION = YES;
				CLANG_WARN_DEPRECATED_OBJC_IMPLEMENTATIONS = YES;
				CLANG_WARN_DIRECT_OBJC_ISA_USAGE = YES_ERROR;
				CLANG_WARN_DOCUMENTATION_COMMENTS = YES;
				CLANG_WARN_EMPTY_BODY = YES;
				CLANG_WARN_ENUM_CONVERSION = YES;
				CLANG_WARN_INFINITE_RECURSION = YES;
				CLANG_WARN_INT_CONVERSION = YES;
				CLANG_WARN_NON_LITERAL_NULL_CONVERSION = YES;
				CLANG_WARN_OBJC_IMPLICIT_RETAIN_SELF = YES;
				CLANG_WARN_OBJC_LITERAL_CONVERSION = YES;
				CLANG_WARN_OBJC_ROOT_CLASS = YES_ERROR;
				CLANG_WARN_QUOTED_INCLUDE_IN_FRAMEWORK_HEADER = YES;
				CLANG_WARN_RANGE_LOOP_ANALYSIS = YES;
				CLANG_WARN_STRICT_PROTOTYPES = YES;
				CLANG_WARN_SUSPICIOUS_MOVE = YES;
				CLANG_WARN_UNGUARDED_AVAILABILITY = YES_AGGRESSIVE;
				CLANG_WARN_UNREACHABLE_CODE = YES;
				CLANG_WARN__DUPLICATE_METHOD_MATCH = YES;
				COPY_PHASE_STRIP = NO;
				DEBUG_INFORMATION_FORMAT = dwarf;
				ENABLE_STRICT_OBJC_MSGSEND = YES;
				ENABLE_TESTABILITY = YES;
				GCC_C_LANGUAGE_STANDARD = gnu11;
				GCC_DYNAMIC_NO_PIC = NO;
				GCC_NO_COMMON_BLOCKS = YES;
				GCC_OPTIMIZATION_LEVEL = 0;
				GCC_PREPROCESSOR_DEFINITIONS = (
					"DEBUG=1",
					"$(inherited)",
				);
				GCC_WARN_64_TO_32_BIT_CONVERSION = YES;
				GCC_WARN_ABOUT_RETURN_TYPE = YES_ERROR;
				GCC_WARN_UNDECLARED_SELECTOR = YES;
				GCC_WARN_UNINITIALIZED_AUTOS = YES_AGGRESSIVE;
				GCC_WARN_UNUSED_FUNCTION = YES;
				GCC_WARN_UNUSED_VARIABLE = YES;
				IPHONEOS_DEPLOYMENT_TARGET = 15.4;
				MTL_ENABLE_DEBUG_INFO = INCLUDE_SOURCE;
				MTL_FAST_MATH = YES;
				ONLY_ACTIVE_ARCH = YES;
				SDKROOT = iphoneos;
				SWIFT_ACTIVE_COMPILATION_CONDITIONS = DEBUG;
				SWIFT_OPTIMIZATION_LEVEL = "-Onone";
			};
			name = Debug;
		};
		AC8E7C132808E8100089FF94 /* Release */ = {
			isa = XCBuildConfiguration;
			buildSettings = {
				ALWAYS_SEARCH_USER_PATHS = NO;
				CLANG_ANALYZER_NONNULL = YES;
				CLANG_ANALYZER_NUMBER_OBJECT_CONVERSION = YES_AGGRESSIVE;
				CLANG_CXX_LANGUAGE_STANDARD = "gnu++17";
				CLANG_ENABLE_MODULES = YES;
				CLANG_ENABLE_OBJC_ARC = YES;
				CLANG_ENABLE_OBJC_WEAK = YES;
				CLANG_WARN_BLOCK_CAPTURE_AUTORELEASING = YES;
				CLANG_WARN_BOOL_CONVERSION = YES;
				CLANG_WARN_COMMA = YES;
				CLANG_WARN_CONSTANT_CONVERSION = YES;
				CLANG_WARN_DEPRECATED_OBJC_IMPLEMENTATIONS = YES;
				CLANG_WARN_DIRECT_OBJC_ISA_USAGE = YES_ERROR;
				CLANG_WARN_DOCUMENTATION_COMMENTS = YES;
				CLANG_WARN_EMPTY_BODY = YES;
				CLANG_WARN_ENUM_CONVERSION = YES;
				CLANG_WARN_INFINITE_RECURSION = YES;
				CLANG_WARN_INT_CONVERSION = YES;
				CLANG_WARN_NON_LITERAL_NULL_CONVERSION = YES;
				CLANG_WARN_OBJC_IMPLICIT_RETAIN_SELF = YES;
				CLANG_WARN_OBJC_LITERAL_CONVERSION = YES;
				CLANG_WARN_OBJC_ROOT_CLASS = YES_ERROR;
				CLANG_WARN_QUOTED_INCLUDE_IN_FRAMEWORK_HEADER = YES;
				CLANG_WARN_RANGE_LOOP_ANALYSIS = YES;
				CLANG_WARN_STRICT_PROTOTYPES = YES;
				CLANG_WARN_SUSPICIOUS_MOVE = YES;
				CLANG_WARN_UNGUARDED_AVAILABILITY = YES_AGGRESSIVE;
				CLANG_WARN_UNREACHABLE_CODE = YES;
				CLANG_WARN__DUPLICATE_METHOD_MATCH = YES;
				COPY_PHASE_STRIP = NO;
				DEBUG_INFORMATION_FORMAT = "dwarf-with-dsym";
				ENABLE_NS_ASSERTIONS = NO;
				ENABLE_STRICT_OBJC_MSGSEND = YES;
				GCC_C_LANGUAGE_STANDARD = gnu11;
				GCC_NO_COMMON_BLOCKS = YES;
				GCC_WARN_64_TO_32_BIT_CONVERSION = YES;
				GCC_WARN_ABOUT_RETURN_TYPE = YES_ERROR;
				GCC_WARN_UNDECLARED_SELECTOR = YES;
				GCC_WARN_UNINITIALIZED_AUTOS = YES_AGGRESSIVE;
				GCC_WARN_UNUSED_FUNCTION = YES;
				GCC_WARN_UNUSED_VARIABLE = YES;
				IPHONEOS_DEPLOYMENT_TARGET = 15.4;
				MTL_ENABLE_DEBUG_INFO = NO;
				MTL_FAST_MATH = YES;
				SDKROOT = iphoneos;
				SWIFT_COMPILATION_MODE = wholemodule;
				SWIFT_OPTIMIZATION_LEVEL = "-O";
				VALIDATE_PRODUCT = YES;
			};
			name = Release;
		};
		AC8E7C152808E8100089FF94 /* Debug */ = {
			isa = XCBuildConfiguration;
			buildSettings = {
				ASSETCATALOG_COMPILER_APPICON_NAME = AppIcon;
				ASSETCATALOG_COMPILER_GLOBAL_ACCENT_COLOR_NAME = AccentColor;
				CODE_SIGN_STYLE = Automatic;
				CURRENT_PROJECT_VERSION = 1;
				GENERATE_INFOPLIST_FILE = YES;
				INFOPLIST_FILE = "фыаа/Info.plist";
				INFOPLIST_KEY_UIApplicationSupportsIndirectInputEvents = YES;
				INFOPLIST_KEY_UILaunchStoryboardName = LaunchScreen;
				INFOPLIST_KEY_UIMainStoryboardFile = Main;
				INFOPLIST_KEY_UISupportedInterfaceOrientations_iPad = "UIInterfaceOrientationPortrait UIInterfaceOrientationPortraitUpsideDown UIInterfaceOrientationLandscapeLeft UIInterfaceOrientationLandscapeRight";
				INFOPLIST_KEY_UISupportedInterfaceOrientations_iPhone = "UIInterfaceOrientationPortrait UIInterfaceOrientationLandscapeLeft UIInterfaceOrientationLandscapeRight";
				LD_RUNPATH_SEARCH_PATHS = (
					"$(inherited)",
					"@executable_path/Frameworks",
				);
				MARKETING_VERSION = 1.0;
				PRODUCT_BUNDLE_IDENTIFIER = "-231.----";
				PRODUCT_NAME = "$(TARGET_NAME)";
				SWIFT_EMIT_LOC_STRINGS = YES;
				SWIFT_VERSION = 5.0;
				TARGETED_DEVICE_FAMILY = "1,2";
			};
			name = Debug;
		};
		AC8E7C162808E8100089FF94 /* Release */ = {
			isa = XCBuildConfiguration;
			buildSettings = {
				ASSETCATALOG_COMPILER_APPICON_NAME = AppIcon;
				ASSETCATALOG_COMPILER_GLOBAL_ACCENT_COLOR_NAME = AccentColor;
				CODE_SIGN_STYLE = Automatic;
				CURRENT_PROJECT_VERSION = 1;
				GENERATE_INFOPLIST_FILE = YES;
				INFOPLIST_FILE = "фыаа/Info.plist";
				INFOPLIST_KEY_UIApplicationSupportsIndirectInputEvents = YES;
				INFOPLIST_KEY_UILaunchStoryboardName = LaunchScreen;
				INFOPLIST_KEY_UIMainStoryboardFile = Main;
				INFOPLIST_KEY_UISupportedInterfaceOrientations_iPad = "UIInterfaceOrientationPortrait UIInterfaceOrientationPortraitUpsideDown UIInterfaceOrientationLandscapeLeft UIInterfaceOrientationLandscapeRight";
				INFOPLIST_KEY_UISupportedInterfaceOrientations_iPhone = "UIInterfaceOrientationPortrait UIInterfaceOrientationLandscapeLeft UIInterfaceOrientationLandscapeRight";
				LD_RUNPATH_SEARCH_PATHS = (
					"$(inherited)",
					"@executable_path/Frameworks",
				);
				MARKETING_VERSION = 1.0;
				PRODUCT_BUNDLE_IDENTIFIER = "-231.----";
				PRODUCT_NAME = "$(TARGET_NAME)";
				SWIFT_EMIT_LOC_STRINGS = YES;
				SWIFT_VERSION = 5.0;
				TARGETED_DEVICE_FAMILY = "1,2";
			};
			name = Release;
		};
		AC8E7C182808E8100089FF94 /* Debug */ = {
			isa = XCBuildConfiguration;
			buildSettings = {
				ALWAYS_EMBED_SWIFT_STANDARD_LIBRARIES = YES;
				BUNDLE_LOADER = "$(TEST_HOST)";
				CODE_SIGN_STYLE = Automatic;
				CURRENT_PROJECT_VERSION = 1;
				GENERATE_INFOPLIST_FILE = YES;
				IPHONEOS_DEPLOYMENT_TARGET = 15.4;
				MARKETING_VERSION = 1.0;
				PRODUCT_BUNDLE_IDENTIFIER = "-231.----Tests";
				PRODUCT_NAME = "$(TARGET_NAME)";
				SWIFT_EMIT_LOC_STRINGS = NO;
				SWIFT_VERSION = 5.0;
				TARGETED_DEVICE_FAMILY = "1,2";
				TEST_HOST = "$(BUILT_PRODUCTS_DIR)/фыаа.app/фыаа";
			};
			name = Debug;
		};
		AC8E7C192808E8100089FF94 /* Release */ = {
			isa = XCBuildConfiguration;
			buildSettings = {
				ALWAYS_EMBED_SWIFT_STANDARD_LIBRARIES = YES;
				BUNDLE_LOADER = "$(TEST_HOST)";
				CODE_SIGN_STYLE = Automatic;
				CURRENT_PROJECT_VERSION = 1;
				GENERATE_INFOPLIST_FILE = YES;
				IPHONEOS_DEPLOYMENT_TARGET = 15.4;
				MARKETING_VERSION = 1.0;
				PRODUCT_BUNDLE_IDENTIFIER = "-231.----Tests";
				PRODUCT_NAME = "$(TARGET_NAME)";
				SWIFT_EMIT_LOC_STRINGS = NO;
				SWIFT_VERSION = 5.0;
				TARGETED_DEVICE_FAMILY = "1,2";
				TEST_HOST = "$(BUILT_PRODUCTS_DIR)/фыаа.app/фыаа";
			};
			name = Release;
		};
		AC8E7C1B2808E8100089FF94 /* Debug */ = {
			isa = XCBuildConfiguration;
			buildSettings = {
				ALWAYS_EMBED_SWIFT_STANDARD_LIBRARIES = YES;
				CODE_SIGN_STYLE = Automatic;
				CURRENT_PROJECT_VERSION = 1;
				GENERATE_INFOPLIST_FILE = YES;
				MARKETING_VERSION = 1.0;
				PRODUCT_BUNDLE_IDENTIFIER = "-231.----UITests";
				PRODUCT_NAME = "$(TARGET_NAME)";
				SWIFT_EMIT_LOC_STRINGS = NO;
				SWIFT_VERSION = 5.0;
				TARGETED_DEVICE_FAMILY = "1,2";
				TEST_TARGET_NAME = "фыаа";
			};
			name = Debug;
		};
		AC8E7C1C2808E8100089FF94 /* Release */ = {
			isa = XCBuildConfiguration;
			buildSettings = {
				ALWAYS_EMBED_SWIFT_STANDARD_LIBRARIES = YES;
				CODE_SIGN_STYLE = Automatic;
				CURRENT_PROJECT_VERSION = 1;
				GENERATE_INFOPLIST_FILE = YES;
				MARKETING_VERSION = 1.0;
				PRODUCT_BUNDLE_IDENTIFIER = "-231.----UITests";
				PRODUCT_NAME = "$(TARGET_NAME)";
				SWIFT_EMIT_LOC_STRINGS = NO;
				SWIFT_VERSION = 5.0;
				TARGETED_DEVICE_FAMILY = "1,2";
				TEST_TARGET_NAME = "фыаа";
			};
			name = Release;
		};
/* End XCBuildConfiguration section */

/* Begin XCConfigurationList section */
		AC8E7BE52808E80B0089FF94 /* Build configuration list for PBXProject "фыаа" */ = {
			isa = XCConfigurationList;
			buildConfigurations = (
				AC8E7C122808E8100089FF94 /* Debug */,
				AC8E7C132808E8100089FF94 /* Release */,
			);
			defaultConfigurationIsVisible = 0;
			defaultConfigurationName = Release;
		};
		AC8E7C142808E8100089FF94 /* Build configuration list for PBXNativeTarget "фыаа" */ = {
			isa = XCConfigurationList;
			buildConfigurations = (
				AC8E7C152808E8100089FF94 /* Debug */,
				AC8E7C162808E8100089FF94 /* Release */,
			);
			defaultConfigurationIsVisible = 0;
			defaultConfigurationName = Release;
		};
		AC8E7C172808E8100089FF94 /* Build configuration list for PBXNativeTarget "фыааTests" */ = {
			isa = XCConfigurationList;
			buildConfigurations = (
				AC8E7C182808E8100089FF94 /* Debug */,
				AC8E7C192808E8100089FF94 /* Release */,
			);
			defaultConfigurationIsVisible = 0;
			defaultConfigurationName = Release;
		};
		AC8E7C1A2808E8100089FF94 /* Build configuration list for PBXNativeTarget "фыааUITests" */ = {
			isa = XCConfigurationList;
			buildConfigurations = (
				AC8E7C1B2808E8100089FF94 /* Debug */,
				AC8E7C1C2808E8100089FF94 /* Release */,
			);
			defaultConfigurationIsVisible = 0;
			defaultConfigurationName = Release;
		};
/* End XCConfigurationList section */
	};
	rootObject = AC8E7BE22808E80B0089FF94 /* Project object */;
}
